Microsoft Visual Studio Solution File, Format Version 12.00
# Visual Studio Version 17
VisualStudioVersion = 17.5.2.0
MinimumVisualStudioVersion = 10.0.40219.1
Project("{2150E333-8FDC-42A3-9474-1A3956D46DE8}") = "problem2", "problem2", "{D3B5BE80-3837-4899-A1A8-E12CA00EFF2B}"
EndProject
Project("{FAE04EC0-301F-11D3-BF4B-00C04F79EFBC}") = "SieMarketProject", "problem2\SieMarketProject\SieMarketProject.csproj", "{AD112C6C-E3B6-E3A5-9EDF-BC8B1BCB3801}"
EndProject
Global
	GlobalSection(SolutionConfigurationPlatforms) = preSolution
		Debug|Any CPU = Debug|Any CPU
		Release|Any CPU = Release|Any CPU
	EndGlobalSection
	GlobalSection(ProjectConfigurationPlatforms) = postSolution
		{AD112C6C-E3B6-E3A5-9EDF-BC8B1BCB3801}.Debug|Any CPU.ActiveCfg = Debug|Any CPU
		{AD112C6C-E3B6-E3A5-9EDF-BC8B1BCB3801}.Debug|Any CPU.Build.0 = Debug|Any CPU
		{AD112C6C-E3B6-E3A5-9EDF-BC8B1BCB3801}.Release|Any CPU.ActiveCfg = Release|Any CPU
		{AD112C6C-E3B6-E3A5-9EDF-BC8B1BCB3801}.Release|Any CPU.Build.0 = Release|Any CPU
	EndGlobalSection
	GlobalSection(SolutionProperties) = preSolution
		HideSolutionNode = FALSE
	EndGlobalSection
	GlobalSection(NestedProjects) = preSolution
		{AD112C6C-E3B6-E3A5-9EDF-BC8B1BCB3801} = {D3B5BE80-3837-4899-A1A8-E12CA00EFF2B}
	EndGlobalSection
	GlobalSection(ExtensibilityGlobals) = postSolution
		SolutionGuid = {F8EDD2D5-0097-4170-9703-3E2EF8212E29}
	EndGlobalSection
EndGlobal
